// !$*UTF8*$!
{
	archiveVersion = 1;
	classes = {
	};
	objectVersion = 56;
	objects = {

/* Begin PBXBuildFile section */
		2E79A4E12AC51A3700BCD661 /* NoteListApp.swift in Sources */ = {isa = PBXBuildFile; fileRef = 2E79A4E02AC51A3700BCD661 /* NoteListApp.swift */; };
		2E79A4E32AC51A3700BCD661 /* MainView.swift in Sources */ = {isa = PBXBuildFile; fileRef = 2E79A4E22AC51A3700BCD661 /* MainView.swift */; };
		2E79A4E52AC51A3800BCD661 /* Assets.xcassets in Resources */ = {isa = PBXBuildFile; fileRef = 2E79A4E42AC51A3800BCD661 /* Assets.xcassets */; };
		2E79A4E82AC51A3800BCD661 /* Preview Assets.xcassets in Resources */ = {isa = PBXBuildFile; fileRef = 2E79A4E72AC51A3800BCD661 /* Preview Assets.xcassets */; };
		2E79A4F22AC51A3800BCD661 /* NoteListTests.swift in Sources */ = {isa = PBXBuildFile; fileRef = 2E79A4F12AC51A3800BCD661 /* NoteListTests.swift */; };
		2E79A4FC2AC51A3800BCD661 /* NoteListUITests.swift in Sources */ = {isa = PBXBuildFile; fileRef = 2E79A4FB2AC51A3800BCD661 /* NoteListUITests.swift */; };
		2E79A4FE2AC51A3800BCD661 /* NoteListUITestsLaunchTests.swift in Sources */ = {isa = PBXBuildFile; fileRef = 2E79A4FD2AC51A3800BCD661 /* NoteListUITestsLaunchTests.swift */; };
		2E79A5102AC5204800BCD661 /* FirebaseDatabase in Frameworks */ = {isa = PBXBuildFile; productRef = 2E79A50F2AC5204800BCD661 /* FirebaseDatabase */; };
		2E79A5122AC5204800BCD661 /* FirebaseFirestoreSwift in Frameworks */ = {isa = PBXBuildFile; productRef = 2E79A5112AC5204800BCD661 /* FirebaseFirestoreSwift */; };
		2E79A5142AC5204800BCD661 /* FirebaseStorage in Frameworks */ = {isa = PBXBuildFile; productRef = 2E79A5132AC5204800BCD661 /* FirebaseStorage */; };
		2E79A5162AC5231A00BCD661 /* GoogleService-Info.plist in Resources */ = {isa = PBXBuildFile; fileRef = 2E79A5152AC5231A00BCD661 /* GoogleService-Info.plist */; };
		2E79A51C2AC5266600BCD661 /* ProfileView.swift in Sources */ = {isa = PBXBuildFile; fileRef = 2E79A51B2AC5266600BCD661 /* ProfileView.swift */; };
		2E79A51E2AC5269200BCD661 /* NoteListItemView.swift in Sources */ = {isa = PBXBuildFile; fileRef = 2E79A51D2AC5269200BCD661 /* NoteListItemView.swift */; };
		2E79A5202AC526D700BCD661 /* NewItemNoteView.swift in Sources */ = {isa = PBXBuildFile; fileRef = 2E79A51F2AC526D700BCD661 /* NewItemNoteView.swift */; };
		2E79A5222AC526EF00BCD661 /* LoginView.swift in Sources */ = {isa = PBXBuildFile; fileRef = 2E79A5212AC526EF00BCD661 /* LoginView.swift */; };
		2E79A5242AC5270900BCD661 /* RegisterView.swift in Sources */ = {isa = PBXBuildFile; fileRef = 2E79A5232AC5270900BCD661 /* RegisterView.swift */; };
		2E79A5262AC5273C00BCD661 /* NotesListView.swift in Sources */ = {isa = PBXBuildFile; fileRef = 2E79A5252AC5273C00BCD661 /* NotesListView.swift */; };
		2E79A5282AC5277200BCD661 /* User.swift in Sources */ = {isa = PBXBuildFile; fileRef = 2E79A5272AC5277200BCD661 /* User.swift */; };
		2E79A52A2AC5278300BCD661 /* NoteListItem.swift in Sources */ = {isa = PBXBuildFile; fileRef = 2E79A5292AC5278300BCD661 /* NoteListItem.swift */; };
		2E79A52C2AC5281700BCD661 /* MainViewViewModel.swift in Sources */ = {isa = PBXBuildFile; fileRef = 2E79A52B2AC5281700BCD661 /* MainViewViewModel.swift */; };
		2E79A52E2AC5282F00BCD661 /* ProfileViewViewModel.swift in Sources */ = {isa = PBXBuildFile; fileRef = 2E79A52D2AC5282F00BCD661 /* ProfileViewViewModel.swift */; };
		2E79A5302AC5286600BCD661 /* NoteListItemViewViewModel.swift in Sources */ = {isa = PBXBuildFile; fileRef = 2E79A52F2AC5286600BCD661 /* NoteListItemViewViewModel.swift */; };
		2E79A5322AC5288C00BCD661 /* NewItemNoteViewViewModel.swift in Sources */ = {isa = PBXBuildFile; fileRef = 2E79A5312AC5288C00BCD661 /* NewItemNoteViewViewModel.swift */; };
		2E79A5342AC528BA00BCD661 /* LoginViewViewModel.swift in Sources */ = {isa = PBXBuildFile; fileRef = 2E79A5332AC528BA00BCD661 /* LoginViewViewModel.swift */; };
		2E79A5362AC528D600BCD661 /* RegisterViewViewModel.swift in Sources */ = {isa = PBXBuildFile; fileRef = 2E79A5352AC528D600BCD661 /* RegisterViewViewModel.swift */; };
		2E79A5382AC528FA00BCD661 /* NoteListViewViewModel.swift in Sources */ = {isa = PBXBuildFile; fileRef = 2E79A5372AC528FA00BCD661 /* NoteListViewViewModel.swift */; };
/* End PBXBuildFile section */

/* Begin PBXContainerItemProxy section */
		2E79A4EE2AC51A3800BCD661 /* PBXContainerItemProxy */ = {
			isa = PBXContainerItemProxy;
			containerPortal = 2E79A4D52AC51A3700BCD661 /* Project object */;
			proxyType = 1;
			remoteGlobalIDString = 2E79A4DC2AC51A3700BCD661;
			remoteInfo = NoteList;
		};
		2E79A4F82AC51A3800BCD661 /* PBXContainerItemProxy */ = {
			isa = PBXContainerItemProxy;
			containerPortal = 2E79A4D52AC51A3700BCD661 /* Project object */;
			proxyType = 1;
			remoteGlobalIDString = 2E79A4DC2AC51A3700BCD661;
			remoteInfo = NoteList;
		};
/* End PBXContainerItemProxy section */

/* Begin PBXFileReference section */
		2E79A4DD2AC51A3700BCD661 /* NoteList.app */ = {isa = PBXFileReference; explicitFileType = wrapper.application; includeInIndex = 0; path = NoteList.app; sourceTree = BUILT_PRODUCTS_DIR; };
		2E79A4E02AC51A3700BCD661 /* NoteListApp.swift */ = {isa = PBXFileReference; lastKnownFileType = sourcecode.swift; path = NoteListApp.swift; sourceTree = "<group>"; };
		2E79A4E22AC51A3700BCD661 /* MainView.swift */ = {isa = PBXFileReference; lastKnownFileType = sourcecode.swift; path = MainView.swift; sourceTree = "<group>"; };
		2E79A4E42AC51A3800BCD661 /* Assets.xcassets */ = {isa = PBXFileReference; lastKnownFileType = folder.assetcatalog; path = Assets.xcassets; sourceTree = "<group>"; };
		2E79A4E72AC51A3800BCD661 /* Preview Assets.xcassets */ = {isa = PBXFileReference; lastKnownFileType = folder.assetcatalog; path = "Preview Assets.xcassets"; sourceTree = "<group>"; };
		2E79A4ED2AC51A3800BCD661 /* NoteListTests.xctest */ = {isa = PBXFileReference; explicitFileType = wrapper.cfbundle; includeInIndex = 0; path = NoteListTests.xctest; sourceTree = BUILT_PRODUCTS_DIR; };
		2E79A4F12AC51A3800BCD661 /* NoteListTests.swift */ = {isa = PBXFileReference; lastKnownFileType = sourcecode.swift; path = NoteListTests.swift; sourceTree = "<group>"; };
		2E79A4F72AC51A3800BCD661 /* NoteListUITests.xctest */ = {isa = PBXFileReference; explicitFileType = wrapper.cfbundle; includeInIndex = 0; path = NoteListUITests.xctest; sourceTree = BUILT_PRODUCTS_DIR; };
		2E79A4FB2AC51A3800BCD661 /* NoteListUITests.swift */ = {isa = PBXFileReference; lastKnownFileType = sourcecode.swift; path = NoteListUITests.swift; sourceTree = "<group>"; };
		2E79A4FD2AC51A3800BCD661 /* NoteListUITestsLaunchTests.swift */ = {isa = PBXFileReference; lastKnownFileType = sourcecode.swift; path = NoteListUITestsLaunchTests.swift; sourceTree = "<group>"; };
		2E79A5152AC5231A00BCD661 /* GoogleService-Info.plist */ = {isa = PBXFileReference; fileEncoding = 4; lastKnownFileType = text.plist.xml; path = "GoogleService-Info.plist"; sourceTree = "<group>"; };
		2E79A51B2AC5266600BCD661 /* ProfileView.swift */ = {isa = PBXFileReference; lastKnownFileType = sourcecode.swift; path = ProfileView.swift; sourceTree = "<group>"; };
		2E79A51D2AC5269200BCD661 /* NoteListItemView.swift */ = {isa = PBXFileReference; lastKnownFileType = sourcecode.swift; path = NoteListItemView.swift; sourceTree = "<group>"; };
		2E79A51F2AC526D700BCD661 /* NewItemNoteView.swift */ = {isa = PBXFileReference; lastKnownFileType = sourcecode.swift; path = NewItemNoteView.swift; sourceTree = "<group>"; };
		2E79A5212AC526EF00BCD661 /* LoginView.swift */ = {isa = PBXFileReference; lastKnownFileType = sourcecode.swift; path = LoginView.swift; sourceTree = "<group>"; };
		2E79A5232AC5270900BCD661 /* RegisterView.swift */ = {isa = PBXFileReference; lastKnownFileType = sourcecode.swift; path = RegisterView.swift; sourceTree = "<group>"; };
		2E79A5252AC5273C00BCD661 /* NotesListView.swift */ = {isa = PBXFileReference; lastKnownFileType = sourcecode.swift; path = NotesListView.swift; sourceTree = "<group>"; };
		2E79A5272AC5277200BCD661 /* User.swift */ = {isa = PBXFileReference; lastKnownFileType = sourcecode.swift; path = User.swift; sourceTree = "<group>"; };
		2E79A5292AC5278300BCD661 /* NoteListItem.swift */ = {isa = PBXFileReference; lastKnownFileType = sourcecode.swift; path = NoteListItem.swift; sourceTree = "<group>"; };
		2E79A52B2AC5281700BCD661 /* MainViewViewModel.swift */ = {isa = PBXFileReference; lastKnownFileType = sourcecode.swift; path = MainViewViewModel.swift; sourceTree = "<group>"; };
		2E79A52D2AC5282F00BCD661 /* ProfileViewViewModel.swift */ = {isa = PBXFileReference; lastKnownFileType = sourcecode.swift; path = ProfileViewViewModel.swift; sourceTree = "<group>"; };
		2E79A52F2AC5286600BCD661 /* NoteListItemViewViewModel.swift */ = {isa = PBXFileReference; lastKnownFileType = sourcecode.swift; path = NoteListItemViewViewModel.swift; sourceTree = "<group>"; };
		2E79A5312AC5288C00BCD661 /* NewItemNoteViewViewModel.swift */ = {isa = PBXFileReference; lastKnownFileType = sourcecode.swift; path = NewItemNoteViewViewModel.swift; sourceTree = "<group>"; };
		2E79A5332AC528BA00BCD661 /* LoginViewViewModel.swift */ = {isa = PBXFileReference; lastKnownFileType = sourcecode.swift; path = LoginViewViewModel.swift; sourceTree = "<group>"; };
		2E79A5352AC528D600BCD661 /* RegisterViewViewModel.swift */ = {isa = PBXFileReference; lastKnownFileType = sourcecode.swift; path = RegisterViewViewModel.swift; sourceTree = "<group>"; };
		2E79A5372AC528FA00BCD661 /* NoteListViewViewModel.swift */ = {isa = PBXFileReference; lastKnownFileType = sourcecode.swift; path = NoteListViewViewModel.swift; sourceTree = "<group>"; };
/* End PBXFileReference section */

/* Begin PBXFrameworksBuildPhase section */
		2E79A4DA2AC51A3700BCD661 /* Frameworks */ = {
			isa = PBXFrameworksBuildPhase;
			buildActionMask = 2147483647;
			files = (
				2E79A5102AC5204800BCD661 /* FirebaseDatabase in Frameworks */,
				2E79A5122AC5204800BCD661 /* FirebaseFirestoreSwift in Frameworks */,
				2E79A5142AC5204800BCD661 /* FirebaseStorage in Frameworks */,
			);
			runOnlyForDeploymentPostprocessing = 0;
		};
		2E79A4EA2AC51A3800BCD661 /* Frameworks */ = {
			isa = PBXFrameworksBuildPhase;
			buildActionMask = 2147483647;
			files = (
			);
			runOnlyForDeploymentPostprocessing = 0;
		};
		2E79A4F42AC51A3800BCD661 /* Frameworks */ = {
			isa = PBXFrameworksBuildPhase;
			buildActionMask = 2147483647;
			files = (
			);
			runOnlyForDeploymentPostprocessing = 0;
		};
/* End PBXFrameworksBuildPhase section */

/* Begin PBXGroup section */
		2E79A4D42AC51A3700BCD661 = {
			isa = PBXGroup;
			children = (
				2E79A4DF2AC51A3700BCD661 /* NoteList */,
				2E79A4F02AC51A3800BCD661 /* NoteListTests */,
				2E79A4FA2AC51A3800BCD661 /* NoteListUITests */,
				2E79A4DE2AC51A3700BCD661 /* Products */,
			);
			sourceTree = "<group>";
		};
		2E79A4DE2AC51A3700BCD661 /* Products */ = {
			isa = PBXGroup;
			children = (
				2E79A4DD2AC51A3700BCD661 /* NoteList.app */,
				2E79A4ED2AC51A3800BCD661 /* NoteListTests.xctest */,
				2E79A4F72AC51A3800BCD661 /* NoteListUITests.xctest */,
			);
			name = Products;
			sourceTree = "<group>";
		};
		2E79A4DF2AC51A3700BCD661 /* NoteList */ = {
			isa = PBXGroup;
			children = (
				2E79A51A2AC523A400BCD661 /* Other */,
				2E79A5192AC5238D00BCD661 /* Views */,
				2E79A5182AC5237F00BCD661 /* Models */,
				2E79A5172AC5236800BCD661 /* ViewModels */,
				2E79A4E62AC51A3800BCD661 /* Preview Content */,
			);
			path = NoteList;
			sourceTree = "<group>";
		};
		2E79A4E62AC51A3800BCD661 /* Preview Content */ = {
			isa = PBXGroup;
			children = (
				2E79A4E72AC51A3800BCD661 /* Preview Assets.xcassets */,
			);
			path = "Preview Content";
			sourceTree = "<group>";
		};
		2E79A4F02AC51A3800BCD661 /* NoteListTests */ = {
			isa = PBXGroup;
			children = (
				2E79A4F12AC51A3800BCD661 /* NoteListTests.swift */,
			);
			path = NoteListTests;
			sourceTree = "<group>";
		};
		2E79A4FA2AC51A3800BCD661 /* NoteListUITests */ = {
			isa = PBXGroup;
			children = (
				2E79A4FB2AC51A3800BCD661 /* NoteListUITests.swift */,
				2E79A4FD2AC51A3800BCD661 /* NoteListUITestsLaunchTests.swift */,
			);
			path = NoteListUITests;
			sourceTree = "<group>";
		};
		2E79A5172AC5236800BCD661 /* ViewModels */ = {
			isa = PBXGroup;
			children = (
				2E79A52B2AC5281700BCD661 /* MainViewViewModel.swift */,
				2E79A52D2AC5282F00BCD661 /* ProfileViewViewModel.swift */,
				2E79A52F2AC5286600BCD661 /* NoteListItemViewViewModel.swift */,
				2E79A5312AC5288C00BCD661 /* NewItemNoteViewViewModel.swift */,
				2E79A5332AC528BA00BCD661 /* LoginViewViewModel.swift */,
				2E79A5352AC528D600BCD661 /* RegisterViewViewModel.swift */,
				2E79A5372AC528FA00BCD661 /* NoteListViewViewModel.swift */,
			);
			path = ViewModels;
			sourceTree = "<group>";
		};
		2E79A5182AC5237F00BCD661 /* Models */ = {
			isa = PBXGroup;
			children = (
				2E79A5272AC5277200BCD661 /* User.swift */,
				2E79A5292AC5278300BCD661 /* NoteListItem.swift */,
			);
			path = Models;
			sourceTree = "<group>";
		};
		2E79A5192AC5238D00BCD661 /* Views */ = {
			isa = PBXGroup;
			children = (
				2E79A4E22AC51A3700BCD661 /* MainView.swift */,
				2E79A51B2AC5266600BCD661 /* ProfileView.swift */,
				2E79A51D2AC5269200BCD661 /* NoteListItemView.swift */,
				2E79A51F2AC526D700BCD661 /* NewItemNoteView.swift */,
				2E79A5212AC526EF00BCD661 /* LoginView.swift */,
				2E79A5232AC5270900BCD661 /* RegisterView.swift */,
				2E79A5252AC5273C00BCD661 /* NotesListView.swift */,
			);
			path = Views;
			sourceTree = "<group>";
		};
		2E79A51A2AC523A400BCD661 /* Other */ = {
			isa = PBXGroup;
			children = (
				2E79A4E02AC51A3700BCD661 /* NoteListApp.swift */,
				2E79A4E42AC51A3800BCD661 /* Assets.xcassets */,
				2E79A5152AC5231A00BCD661 /* GoogleService-Info.plist */,
			);
			path = Other;
			sourceTree = "<group>";
		};
/* End PBXGroup section */

/* Begin PBXNativeTarget section */
		2E79A4DC2AC51A3700BCD661 /* NoteList */ = {
			isa = PBXNativeTarget;
			buildConfigurationList = 2E79A5012AC51A3800BCD661 /* Build configuration list for PBXNativeTarget "NoteList" */;
			buildPhases = (
				2E79A4D92AC51A3700BCD661 /* Sources */,
				2E79A4DA2AC51A3700BCD661 /* Frameworks */,
				2E79A4DB2AC51A3700BCD661 /* Resources */,
			);
			buildRules = (
			);
			dependencies = (
			);
			name = NoteList;
			packageProductDependencies = (
				2E79A50F2AC5204800BCD661 /* FirebaseDatabase */,
				2E79A5112AC5204800BCD661 /* FirebaseFirestoreSwift */,
				2E79A5132AC5204800BCD661 /* FirebaseStorage */,
			);
			productName = NoteList;
			productReference = 2E79A4DD2AC51A3700BCD661 /* NoteList.app */;
			productType = "com.apple.product-type.application";
		};
		2E79A4EC2AC51A3800BCD661 /* NoteListTests */ = {
			isa = PBXNativeTarget;
			buildConfigurationList = 2E79A5042AC51A3800BCD661 /* Build configuration list for PBXNativeTarget "NoteListTests" */;
			buildPhases = (
				2E79A4E92AC51A3800BCD661 /* Sources */,
				2E79A4EA2AC51A3800BCD661 /* Frameworks */,
				2E79A4EB2AC51A3800BCD661 /* Resources */,
			);
			buildRules = (
			);
			dependencies = (
				2E79A4EF2AC51A3800BCD661 /* PBXTargetDependency */,
			);
			name = NoteListTests;
			productName = NoteListTests;
			productReference = 2E79A4ED2AC51A3800BCD661 /* NoteListTests.xctest */;
			productType = "com.apple.product-type.bundle.unit-test";
		};
		2E79A4F62AC51A3800BCD661 /* NoteListUITests */ = {
			isa = PBXNativeTarget;
			buildConfigurationList = 2E79A5072AC51A3800BCD661 /* Build configuration list for PBXNativeTarget "NoteListUITests" */;
			buildPhases = (
				2E79A4F32AC51A3800BCD661 /* Sources */,
				2E79A4F42AC51A3800BCD661 /* Frameworks */,
				2E79A4F52AC51A3800BCD661 /* Resources */,
			);
			buildRules = (
			);
			dependencies = (
				2E79A4F92AC51A3800BCD661 /* PBXTargetDependency */,
			);
			name = NoteListUITests;
			productName = NoteListUITests;
			productReference = 2E79A4F72AC51A3800BCD661 /* NoteListUITests.xctest */;
			productType = "com.apple.product-type.bundle.ui-testing";
		};
/* End PBXNativeTarget section */

/* Begin PBXProject section */
		2E79A4D52AC51A3700BCD661 /* Project object */ = {
			isa = PBXProject;
			attributes = {
				BuildIndependentTargetsInParallel = 1;
				LastSwiftUpdateCheck = 1500;
				LastUpgradeCheck = 1500;
				TargetAttributes = {
					2E79A4DC2AC51A3700BCD661 = {
						CreatedOnToolsVersion = 15.0;
					};
					2E79A4EC2AC51A3800BCD661 = {
						CreatedOnToolsVersion = 15.0;
						TestTargetID = 2E79A4DC2AC51A3700BCD661;
					};
					2E79A4F62AC51A3800BCD661 = {
						CreatedOnToolsVersion = 15.0;
						TestTargetID = 2E79A4DC2AC51A3700BCD661;
					};
				};
			};
			buildConfigurationList = 2E79A4D82AC51A3700BCD661 /* Build configuration list for PBXProject "NoteList" */;
			compatibilityVersion = "Xcode 14.0";
			developmentRegion = en;
			hasScannedForEncodings = 0;
			knownRegions = (
				en,
				Base,
			);
			mainGroup = 2E79A4D42AC51A3700BCD661;
			packageReferences = (
				2E79A50A2AC51B6000BCD661 /* XCRemoteSwiftPackageReference "firebase-ios-sdk" */,
			);
			productRefGroup = 2E79A4DE2AC51A3700BCD661 /* Products */;
			projectDirPath = "";
			projectRoot = "";
			targets = (
				2E79A4DC2AC51A3700BCD661 /* NoteList */,
				2E79A4EC2AC51A3800BCD661 /* NoteListTests */,
				2E79A4F62AC51A3800BCD661 /* NoteListUITests */,
			);
		};
/* End PBXProject section */

/* Begin PBXResourcesBuildPhase section */
		2E79A4DB2AC51A3700BCD661 /* Resources */ = {
			isa = PBXResourcesBuildPhase;
			buildActionMask = 2147483647;
			files = (
				2E79A4E82AC51A3800BCD661 /* Preview Assets.xcassets in Resources */,
				2E79A4E52AC51A3800BCD661 /* Assets.xcassets in Resources */,
				2E79A5162AC5231A00BCD661 /* GoogleService-Info.plist in Resources */,
			);
			runOnlyForDeploymentPostprocessing = 0;
		};
		2E79A4EB2AC51A3800BCD661 /* Resources */ = {
			isa = PBXResourcesBuildPhase;
			buildActionMask = 2147483647;
			files = (
			);
			runOnlyForDeploymentPostprocessing = 0;
		};
		2E79A4F52AC51A3800BCD661 /* Resources */ = {
			isa = PBXResourcesBuildPhase;
			buildActionMask = 2147483647;
			files = (
			);
			runOnlyForDeploymentPostprocessing = 0;
		};
/* End PBXResourcesBuildPhase section */

/* Begin PBXSourcesBuildPhase section */
		2E79A4D92AC51A3700BCD661 /* Sources */ = {
			isa = PBXSourcesBuildPhase;
			buildActionMask = 2147483647;
			files = (
				2E79A52A2AC5278300BCD661 /* NoteListItem.swift in Sources */,
				2E79A5322AC5288C00BCD661 /* NewItemNoteViewViewModel.swift in Sources */,
				2E79A5362AC528D600BCD661 /* RegisterViewViewModel.swift in Sources */,
				2E79A5382AC528FA00BCD661 /* NoteListViewViewModel.swift in Sources */,
				2E79A5222AC526EF00BCD661 /* LoginView.swift in Sources */,
				2E79A4E32AC51A3700BCD661 /* MainView.swift in Sources */,
				2E79A5202AC526D700BCD661 /* NewItemNoteView.swift in Sources */,
				2E79A5242AC5270900BCD661 /* RegisterView.swift in Sources */,
				2E79A52E2AC5282F00BCD661 /* ProfileViewViewModel.swift in Sources */,
				2E79A5302AC5286600BCD661 /* NoteListItemViewViewModel.swift in Sources */,
				2E79A51C2AC5266600BCD661 /* ProfileView.swift in Sources */,
				2E79A5282AC5277200BCD661 /* User.swift in Sources */,
				2E79A5342AC528BA00BCD661 /* LoginViewViewModel.swift in Sources */,
				2E79A51E2AC5269200BCD661 /* NoteListItemView.swift in Sources */,
				2E79A5262AC5273C00BCD661 /* NotesListView.swift in Sources */,
				2E79A52C2AC5281700BCD661 /* MainViewViewModel.swift in Sources */,
				2E79A4E12AC51A3700BCD661 /* NoteListApp.swift in Sources */,
			);
			runOnlyForDeploymentPostprocessing = 0;
		};
		2E79A4E92AC51A3800BCD661 /* Sources */ = {
			isa = PBXSourcesBuildPhase;
			buildActionMask = 2147483647;
			files = (
				2E79A4F22AC51A3800BCD661 /* NoteListTests.swift in Sources */,
			);
			runOnlyForDeploymentPostprocessing = 0;
		};
		2E79A4F32AC51A3800BCD661 /* Sources */ = {
			isa = PBXSourcesBuildPhase;
			buildActionMask = 2147483647;
			files = (
				2E79A4FE2AC51A3800BCD661 /* NoteListUITestsLaunchTests.swift in Sources */,
				2E79A4FC2AC51A3800BCD661 /* NoteListUITests.swift in Sources */,
			);
			runOnlyForDeploymentPostprocessing = 0;
		};
/* End PBXSourcesBuildPhase section */

/* Begin PBXTargetDependency section */
		2E79A4EF2AC51A3800BCD661 /* PBXTargetDependency */ = {
			isa = PBXTargetDependency;
			target = 2E79A4DC2AC51A3700BCD661 /* NoteList */;
			targetProxy = 2E79A4EE2AC51A3800BCD661 /* PBXContainerItemProxy */;
		};
		2E79A4F92AC51A3800BCD661 /* PBXTargetDependency */ = {
			isa = PBXTargetDependency;
			target = 2E79A4DC2AC51A3700BCD661 /* NoteList */;
			targetProxy = 2E79A4F82AC51A3800BCD661 /* PBXContainerItemProxy */;
		};
/* End PBXTargetDependency section */

/* Begin XCBuildConfiguration section */
		2E79A4FF2AC51A3800BCD661 /* Debug */ = {
			isa = XCBuildConfiguration;
			buildSettings = {
				ALWAYS_SEARCH_USER_PATHS = NO;
				ASSETCATALOG_COMPILER_GENERATE_SWIFT_ASSET_SYMBOL_EXTENSIONS = YES;
				CLANG_ANALYZER_NONNULL = YES;
				CLANG_ANALYZER_NUMBER_OBJECT_CONVERSION = YES_AGGRESSIVE;
				CLANG_CXX_LANGUAGE_STANDARD = "gnu++20";
				CLANG_ENABLE_MODULES = YES;
				CLANG_ENABLE_OBJC_ARC = YES;
				CLANG_ENABLE_OBJC_WEAK = YES;
				CLANG_WARN_BLOCK_CAPTURE_AUTORELEASING = YES;
				CLANG_WARN_BOOL_CONVERSION = YES;
				CLANG_WARN_COMMA = YES;
				CLANG_WARN_CONSTANT_CONVERSION = YES;
				CLANG_WARN_DEPRECATED_OBJC_IMPLEMENTATIONS = YES;
				CLANG_WARN_DIRECT_OBJC_ISA_USAGE = YES_ERROR;
				CLANG_WARN_DOCUMENTATION_COMMENTS = YES;
				CLANG_WARN_EMPTY_BODY = YES;
				CLANG_WARN_ENUM_CONVERSION = YES;
				CLANG_WARN_INFINITE_RECURSION = YES;
				CLANG_WARN_INT_CONVERSION = YES;
				CLANG_WARN_NON_LITERAL_NULL_CONVERSION = YES;
				CLANG_WARN_OBJC_IMPLICIT_RETAIN_SELF = YES;
				CLANG_WARN_OBJC_LITERAL_CONVERSION = YES;
				CLANG_WARN_OBJC_ROOT_CLASS = YES_ERROR;
				CLANG_WARN_QUOTED_INCLUDE_IN_FRAMEWORK_HEADER = YES;
				CLANG_WARN_RANGE_LOOP_ANALYSIS = YES;
				CLANG_WARN_STRICT_PROTOTYPES = YES;
				CLANG_WARN_SUSPICIOUS_MOVE = YES;
				CLANG_WARN_UNGUARDED_AVAILABILITY = YES_AGGRESSIVE;
				CLANG_WARN_UNREACHABLE_CODE = YES;
				CLANG_WARN__DUPLICATE_METHOD_MATCH = YES;
				COPY_PHASE_STRIP = NO;
				DEBUG_INFORMATION_FORMAT = dwarf;
				ENABLE_STRICT_OBJC_MSGSEND = YES;
				ENABLE_TESTABILITY = YES;
				ENABLE_USER_SCRIPT_SANDBOXING = YES;
				GCC_C_LANGUAGE_STANDARD = gnu17;
				GCC_DYNAMIC_NO_PIC = NO;
				GCC_NO_COMMON_BLOCKS = YES;
				GCC_OPTIMIZATION_LEVEL = 0;
				GCC_PREPROCESSOR_DEFINITIONS = (
					"DEBUG=1",
					"$(inherited)",
				);
				GCC_WARN_64_TO_32_BIT_CONVERSION = YES;
				GCC_WARN_ABOUT_RETURN_TYPE = YES_ERROR;
				GCC_WARN_UNDECLARED_SELECTOR = YES;
				GCC_WARN_UNINITIALIZED_AUTOS = YES_AGGRESSIVE;
				GCC_WARN_UNUSED_FUNCTION = YES;
				GCC_WARN_UNUSED_VARIABLE = YES;
				IPHONEOS_DEPLOYMENT_TARGET = 17.0;
				LOCALIZATION_PREFERS_STRING_CATALOGS = YES;
				MTL_ENABLE_DEBUG_INFO = INCLUDE_SOURCE;
				MTL_FAST_MATH = YES;
				ONLY_ACTIVE_ARCH = YES;
				SDKROOT = iphoneos;
				SWIFT_ACTIVE_COMPILATION_CONDITIONS = "DEBUG $(inherited)";
				SWIFT_OPTIMIZATION_LEVEL = "-Onone";
			};
			name = Debug;
		};
		2E79A5002AC51A3800BCD661 /* Release */ = {
			isa = XCBuildConfiguration;
			buildSettings = {
				ALWAYS_SEARCH_USER_PATHS = NO;
				ASSETCATALOG_COMPILER_GENERATE_SWIFT_ASSET_SYMBOL_EXTENSIONS = YES;
				CLANG_ANALYZER_NONNULL = YES;
				CLANG_ANALYZER_NUMBER_OBJECT_CONVERSION = YES_AGGRESSIVE;
				CLANG_CXX_LANGUAGE_STANDARD = "gnu++20";
				CLANG_ENABLE_MODULES = YES;
				CLANG_ENABLE_OBJC_ARC = YES;
				CLANG_ENABLE_OBJC_WEAK = YES;
				CLANG_WARN_BLOCK_CAPTURE_AUTORELEASING = YES;
				CLANG_WARN_BOOL_CONVERSION = YES;
				CLANG_WARN_COMMA = YES;
				CLANG_WARN_CONSTANT_CONVERSION = YES;
				CLANG_WARN_DEPRECATED_OBJC_IMPLEMENTATIONS = YES;
				CLANG_WARN_DIRECT_OBJC_ISA_USAGE = YES_ERROR;
				CLANG_WARN_DOCUMENTATION_COMMENTS = YES;
				CLANG_WARN_EMPTY_BODY = YES;
				CLANG_WARN_ENUM_CONVERSION = YES;
				CLANG_WARN_INFINITE_RECURSION = YES;
				CLANG_WARN_INT_CONVERSION = YES;
				CLANG_WARN_NON_LITERAL_NULL_CONVERSION = YES;
				CLANG_WARN_OBJC_IMPLICIT_RETAIN_SELF = YES;
				CLANG_WARN_OBJC_LITERAL_CONVERSION = YES;
				CLANG_WARN_OBJC_ROOT_CLASS = YES_ERROR;
				CLANG_WARN_QUOTED_INCLUDE_IN_FRAMEWORK_HEADER = YES;
				CLANG_WARN_RANGE_LOOP_ANALYSIS = YES;
				CLANG_WARN_STRICT_PROTOTYPES = YES;
				CLANG_WARN_SUSPICIOUS_MOVE = YES;
				CLANG_WARN_UNGUARDED_AVAILABILITY = YES_AGGRESSIVE;
				CLANG_WARN_UNREACHABLE_CODE = YES;
				CLANG_WARN__DUPLICATE_METHOD_MATCH = YES;
				COPY_PHASE_STRIP = NO;
				DEBUG_INFORMATION_FORMAT = "dwarf-with-dsym";
				ENABLE_NS_ASSERTIONS = NO;
				ENABLE_STRICT_OBJC_MSGSEND = YES;
				ENABLE_USER_SCRIPT_SANDBOXING = YES;
				GCC_C_LANGUAGE_STANDARD = gnu17;
				GCC_NO_COMMON_BLOCKS = YES;
				GCC_WARN_64_TO_32_BIT_CONVERSION = YES;
				GCC_WARN_ABOUT_RETURN_TYPE = YES_ERROR;
				GCC_WARN_UNDECLARED_SELECTOR = YES;
				GCC_WARN_UNINITIALIZED_AUTOS = YES_AGGRESSIVE;
				GCC_WARN_UNUSED_FUNCTION = YES;
				GCC_WARN_UNUSED_VARIABLE = YES;
				IPHONEOS_DEPLOYMENT_TARGET = 17.0;
				LOCALIZATION_PREFERS_STRING_CATALOGS = YES;
				MTL_ENABLE_DEBUG_INFO = NO;
				MTL_FAST_MATH = YES;
				SDKROOT = iphoneos;
				SWIFT_COMPILATION_MODE = wholemodule;
				VALIDATE_PRODUCT = YES;
			};
			name = Release;
		};
		2E79A5022AC51A3800BCD661 /* Debug */ = {
			isa = XCBuildConfiguration;
			buildSettings = {
				ASSETCATALOG_COMPILER_APPICON_NAME = AppIcon;
				ASSETCATALOG_COMPILER_GLOBAL_ACCENT_COLOR_NAME = AccentColor;
				CODE_SIGN_STYLE = Automatic;
				CURRENT_PROJECT_VERSION = 1;
				DEVELOPMENT_ASSET_PATHS = "\"NoteList/Preview Content\"";
				DEVELOPMENT_TEAM = 479P9Z33GT;
				ENABLE_PREVIEWS = YES;
				GENERATE_INFOPLIST_FILE = YES;
				INFOPLIST_KEY_CFBundleDisplayName = "Note List";
				INFOPLIST_KEY_LSApplicationCategoryType = "public.app-category.utilities";
				INFOPLIST_KEY_UIApplicationSceneManifest_Generation = YES;
				INFOPLIST_KEY_UIApplicationSupportsIndirectInputEvents = YES;
				INFOPLIST_KEY_UILaunchScreen_Generation = YES;
				INFOPLIST_KEY_UISupportedInterfaceOrientations = UIInterfaceOrientationPortrait;
				IPHONEOS_DEPLOYMENT_TARGET = 16.4;
				LD_RUNPATH_SEARCH_PATHS = (
					"$(inherited)",
					"@executable_path/Frameworks",
				);
				MARKETING_VERSION = 1.0;
				PRODUCT_BUNDLE_IDENTIFIER = com.pdramirez.app.NoteList;
				PRODUCT_NAME = "$(TARGET_NAME)";
				SWIFT_EMIT_LOC_STRINGS = YES;
				SWIFT_VERSION = 5.0;
				TARGETED_DEVICE_FAMILY = "1,2";
			};
			name = Debug;
		};
		2E79A5032AC51A3800BCD661 /* Release */ = {
			isa = XCBuildConfiguration;
			buildSettings = {
				ASSETCATALOG_COMPILER_APPICON_NAME = AppIcon;
				ASSETCATALOG_COMPILER_GLOBAL_ACCENT_COLOR_NAME = AccentColor;
				CODE_SIGN_STYLE = Automatic;
				CURRENT_PROJECT_VERSION = 1;
				DEVELOPMENT_ASSET_PATHS = "\"NoteList/Preview Content\"";
				DEVELOPMENT_TEAM = 479P9Z33GT;
				ENABLE_PREVIEWS = YES;
				GENERATE_INFOPLIST_FILE = YES;
				INFOPLIST_KEY_CFBundleDisplayName = "Note List";
				INFOPLIST_KEY_LSApplicationCategoryType = "public.app-category.utilities";
				INFOPLIST_KEY_UIApplicationSceneManifest_Generation = YES;
				INFOPLIST_KEY_UIApplicationSupportsIndirectInputEvents = YES;
				INFOPLIST_KEY_UILaunchScreen_Generation = YES;
				INFOPLIST_KEY_UISupportedInterfaceOrientations = UIInterfaceOrientationPortrait;
				IPHONEOS_DEPLOYMENT_TARGET = 16.4;
				LD_RUNPATH_SEARCH_PATHS = (
					"$(inherited)",
					"@executable_path/Frameworks",
				);
				MARKETING_VERSION = 1.0;
				PRODUCT_BUNDLE_IDENTIFIER = com.pdramirez.app.NoteList;
				PRODUCT_NAME = "$(TARGET_NAME)";
				SWIFT_EMIT_LOC_STRINGS = YES;
				SWIFT_VERSION = 5.0;
				TARGETED_DEVICE_FAMILY = "1,2";
			};
			name = Release;
		};
		2E79A5052AC51A3800BCD661 /* Debug */ = {
			isa = XCBuildConfiguration;
			buildSettings = {
				ALWAYS_EMBED_SWIFT_STANDARD_LIBRARIES = YES;
				BUNDLE_LOADER = "$(TEST_HOST)";
				CODE_SIGN_STYLE = Automatic;
				CURRENT_PROJECT_VERSION = 1;
				DEVELOPMENT_TEAM = 479P9Z33GT;
				GENERATE_INFOPLIST_FILE = YES;
				IPHONEOS_DEPLOYMENT_TARGET = 17.0;
				MARKETING_VERSION = 1.0;
				PRODUCT_BUNDLE_IDENTIFIER = com.pdramirez.app.NoteListTests;
				PRODUCT_NAME = "$(TARGET_NAME)";
				SWIFT_EMIT_LOC_STRINGS = NO;
				SWIFT_VERSION = 5.0;
				TARGETED_DEVICE_FAMILY = "1,2";
				TEST_HOST = "$(BUILT_PRODUCTS_DIR)/NoteList.app/$(BUNDLE_EXECUTABLE_FOLDER_PATH)/NoteList";
			};
			name = Debug;
		};
		2E79A5062AC51A3800BCD661 /* Release */ = {
			isa = XCBuildConfiguration;
			buildSettings = {
				ALWAYS_EMBED_SWIFT_STANDARD_LIBRARIES = YES;
				BUNDLE_LOADER = "$(TEST_HOST)";
				CODE_SIGN_STYLE = Automatic;
				CURRENT_PROJECT_VERSION = 1;
				DEVELOPMENT_TEAM = 479P9Z33GT;
				GENERATE_INFOPLIST_FILE = YES;
				IPHONEOS_DEPLOYMENT_TARGET = 17.0;
				MARKETING_VERSION = 1.0;
				PRODUCT_BUNDLE_IDENTIFIER = com.pdramirez.app.NoteListTests;
				PRODUCT_NAME = "$(TARGET_NAME)";
				SWIFT_EMIT_LOC_STRINGS = NO;
				SWIFT_VERSION = 5.0;
				TARGETED_DEVICE_FAMILY = "1,2";
				TEST_HOST = "$(BUILT_PRODUCTS_DIR)/NoteList.app/$(BUNDLE_EXECUTABLE_FOLDER_PATH)/NoteList";
			};
			name = Release;
		};
		2E79A5082AC51A3800BCD661 /* Debug */ = {
			isa = XCBuildConfiguration;
			buildSettings = {
				ALWAYS_EMBED_SWIFT_STANDARD_LIBRARIES = YES;
				CODE_SIGN_STYLE = Automatic;
				CURRENT_PROJECT_VERSION = 1;
				DEVELOPMENT_TEAM = 479P9Z33GT;
				GENERATE_INFOPLIST_FILE = YES;
				MARKETING_VERSION = 1.0;
				PRODUCT_BUNDLE_IDENTIFIER = com.pdramirez.app.NoteListUITests;
				PRODUCT_NAME = "$(TARGET_NAME)";
				SWIFT_EMIT_LOC_STRINGS = NO;
				SWIFT_VERSION = 5.0;
				TARGETED_DEVICE_FAMILY = "1,2";
				TEST_TARGET_NAME = NoteList;
			};
			name = Debug;
		};
		2E79A5092AC51A3800BCD661 /* Release */ = {
			isa = XCBuildConfiguration;
			buildSettings = {
				ALWAYS_EMBED_SWIFT_STANDARD_LIBRARIES = YES;
				CODE_SIGN_STYLE = Automatic;
				CURRENT_PROJECT_VERSION = 1;
				DEVELOPMENT_TEAM = 479P9Z33GT;
				GENERATE_INFOPLIST_FILE = YES;
				MARKETING_VERSION = 1.0;
				PRODUCT_BUNDLE_IDENTIFIER = com.pdramirez.app.NoteListUITests;
				PRODUCT_NAME = "$(TARGET_NAME)";
				SWIFT_EMIT_LOC_STRINGS = NO;
				SWIFT_VERSION = 5.0;
				TARGETED_DEVICE_FAMILY = "1,2";
				TEST_TARGET_NAME = NoteList;
			};
			name = Release;
		};
/* End XCBuildConfiguration section */

/* Begin XCConfigurationList section */
		2E79A4D82AC51A3700BCD661 /* Build configuration list for PBXProject "NoteList" */ = {
			isa = XCConfigurationList;
			buildConfigurations = (
				2E79A4FF2AC51A3800BCD661 /* Debug */,
				2E79A5002AC51A3800BCD661 /* Release */,
			);
			defaultConfigurationIsVisible = 0;
			defaultConfigurationName = Release;
		};
		2E79A5012AC51A3800BCD661 /* Build configuration list for PBXNativeTarget "NoteList" */ = {
			isa = XCConfigurationList;
			buildConfigurations = (
				2E79A5022AC51A3800BCD661 /* Debug */,
				2E79A5032AC51A3800BCD661 /* Release */,
			);
			defaultConfigurationIsVisible = 0;
			defaultConfigurationName = Release;
		};
		2E79A5042AC51A3800BCD661 /* Build configuration list for PBXNativeTarget "NoteListTests" */ = {
			isa = XCConfigurationList;
			buildConfigurations = (
				2E79A5052AC51A3800BCD661 /* Debug */,
				2E79A5062AC51A3800BCD661 /* Release */,
			);
			defaultConfigurationIsVisible = 0;
			defaultConfigurationName = Release;
		};
		2E79A5072AC51A3800BCD661 /* Build configuration list for PBXNativeTarget "NoteListUITests" */ = {
			isa = XCConfigurationList;
			buildConfigurations = (
				2E79A5082AC51A3800BCD661 /* Debug */,
				2E79A5092AC51A3800BCD661 /* Release */,
			);
			defaultConfigurationIsVisible = 0;
			defaultConfigurationName = Release;
		};
/* End XCConfigurationList section */

/* Begin XCRemoteSwiftPackageReference section */
		2E79A50A2AC51B6000BCD661 /* XCRemoteSwiftPackageReference "firebase-ios-sdk" */ = {
			isa = XCRemoteSwiftPackageReference;
			repositoryURL = "https://github.com/firebase/firebase-ios-sdk";
			requirement = {
				kind = upToNextMajorVersion;
				minimumVersion = 10.15.0;
			};
		};
/* End XCRemoteSwiftPackageReference section */

/* Begin XCSwiftPackageProductDependency section */
		2E79A50F2AC5204800BCD661 /* FirebaseDatabase */ = {
			isa = XCSwiftPackageProductDependency;
			package = 2E79A50A2AC51B6000BCD661 /* XCRemoteSwiftPackageReference "firebase-ios-sdk" */;
			productName = FirebaseDatabase;
		};
		2E79A5112AC5204800BCD661 /* FirebaseFirestoreSwift */ = {
			isa = XCSwiftPackageProductDependency;
			package = 2E79A50A2AC51B6000BCD661 /* XCRemoteSwiftPackageReference "firebase-ios-sdk" */;
			productName = FirebaseFirestoreSwift;
		};
		2E79A5132AC5204800BCD661 /* FirebaseStorage */ = {
			isa = XCSwiftPackageProductDependency;
			package = 2E79A50A2AC51B6000BCD661 /* XCRemoteSwiftPackageReference "firebase-ios-sdk" */;
			productName = FirebaseStorage;
		};
/* End XCSwiftPackageProductDependency section */
	};
	rootObject = 2E79A4D52AC51A3700BCD661 /* Project object */;
}
